
Microsoft Visual Studio Solution File, Format Version 12.00
# Visual Studio 15
VisualStudioVersion = 15.0.28307.271
MinimumVisualStudioVersion = 10.0.40219.1
Project("{2150E333-8FDC-42A3-9474-1A3956D46DE8}") = "Ders1", "Ders1", "{CB3D4483-A324-494F-8932-1BCA46CCD874}"
EndProject
Project("{9A19103F-16F7-4668-BE54-9A1E7A4F7556}") = "CoreGiris", "CoreGiris\CoreGiris.csproj", "{C9B5DE97-B9CE-428A-8651-2225B498E470}"
EndProject
Project("{2150E333-8FDC-42A3-9474-1A3956D46DE8}") = "Ders2", "Ders2", "{8C19710E-68F6-48B0-AE47-AB93F0196458}"
EndProject
Project("{9A19103F-16F7-4668-BE54-9A1E7A4F7556}") = "IdentityCore", "IdentityCore\IdentityCore.csproj", "{42C20AF6-3AE6-44E1-8739-94856172FCAC}"
EndProject
Project("{2150E333-8FDC-42A3-9474-1A3956D46DE8}") = "Ders3", "Ders3", "{2DED00E7-4E9D-4FAB-BDEC-C283FA9DE61A}"
EndProject
Project("{FAE04EC0-301F-11D3-BF4B-00C04F79EFBC}") = "Kuzey.UI.Web", "Kuzey.UI.Web\Kuzey.UI.Web.csproj", "{4CD801A8-E33A-4DE5-B361-44283FBF400E}"
EndProject
Project("{FAE04EC0-301F-11D3-BF4B-00C04F79EFBC}") = "Kuzey.Models", "Kuzey.Models\Kuzey.Models.csproj", "{555F2446-3998-4AD4-9C03-77062B58C7F8}"
EndProject
Project("{FAE04EC0-301F-11D3-BF4B-00C04F79EFBC}") = "Kuzey.DAL", "Kuzey.DAL\Kuzey.DAL.csproj", "{66D1D02F-8283-4CAD-896E-F0EA42A26333}"
EndProject
Project("{FAE04EC0-301F-11D3-BF4B-00C04F79EFBC}") = "Kuzey.BLL", "Kuzey.BLL\Kuzey.BLL.csproj", "{D80AC81E-05C3-4897-935C-611D3E02443E}"
EndProject
Global
	GlobalSection(SolutionConfigurationPlatforms) = preSolution
		Debug|Any CPU = Debug|Any CPU
		Release|Any CPU = Release|Any CPU
	EndGlobalSection
	GlobalSection(ProjectConfigurationPlatforms) = postSolution
		{C9B5DE97-B9CE-428A-8651-2225B498E470}.Debug|Any CPU.ActiveCfg = Debug|Any CPU
		{C9B5DE97-B9CE-428A-8651-2225B498E470}.Debug|Any CPU.Build.0 = Debug|Any CPU
		{C9B5DE97-B9CE-428A-8651-2225B498E470}.Release|Any CPU.ActiveCfg = Release|Any CPU
		{C9B5DE97-B9CE-428A-8651-2225B498E470}.Release|Any CPU.Build.0 = Release|Any CPU
		{42C20AF6-3AE6-44E1-8739-94856172FCAC}.Debug|Any CPU.ActiveCfg = Debug|Any CPU
		{42C20AF6-3AE6-44E1-8739-94856172FCAC}.Debug|Any CPU.Build.0 = Debug|Any CPU
		{42C20AF6-3AE6-44E1-8739-94856172FCAC}.Release|Any CPU.ActiveCfg = Release|Any CPU
		{42C20AF6-3AE6-44E1-8739-94856172FCAC}.Release|Any CPU.Build.0 = Release|Any CPU
		{4CD801A8-E33A-4DE5-B361-44283FBF400E}.Debug|Any CPU.ActiveCfg = Debug|Any CPU
		{4CD801A8-E33A-4DE5-B361-44283FBF400E}.Debug|Any CPU.Build.0 = Debug|Any CPU
		{4CD801A8-E33A-4DE5-B361-44283FBF400E}.Release|Any CPU.ActiveCfg = Release|Any CPU
		{4CD801A8-E33A-4DE5-B361-44283FBF400E}.Release|Any CPU.Build.0 = Release|Any CPU
		{555F2446-3998-4AD4-9C03-77062B58C7F8}.Debug|Any CPU.ActiveCfg = Debug|Any CPU
		{555F2446-3998-4AD4-9C03-77062B58C7F8}.Debug|Any CPU.Build.0 = Debug|Any CPU
		{555F2446-3998-4AD4-9C03-77062B58C7F8}.Release|Any CPU.ActiveCfg = Release|Any CPU
		{555F2446-3998-4AD4-9C03-77062B58C7F8}.Release|Any CPU.Build.0 = Release|Any CPU
		{66D1D02F-8283-4CAD-896E-F0EA42A26333}.Debug|Any CPU.ActiveCfg = Debug|Any CPU
		{66D1D02F-8283-4CAD-896E-F0EA42A26333}.Debug|Any CPU.Build.0 = Debug|Any CPU
		{66D1D02F-8283-4CAD-896E-F0EA42A26333}.Release|Any CPU.ActiveCfg = Release|Any CPU
		{66D1D02F-8283-4CAD-896E-F0EA42A26333}.Release|Any CPU.Build.0 = Release|Any CPU
		{D80AC81E-05C3-4897-935C-611D3E02443E}.Debug|Any CPU.ActiveCfg = Debug|Any CPU
		{D80AC81E-05C3-4897-935C-611D3E02443E}.Debug|Any CPU.Build.0 = Debug|Any CPU
		{D80AC81E-05C3-4897-935C-611D3E02443E}.Release|Any CPU.ActiveCfg = Release|Any CPU
		{D80AC81E-05C3-4897-935C-611D3E02443E}.Release|Any CPU.Build.0 = Release|Any CPU
	EndGlobalSection
	GlobalSection(SolutionProperties) = preSolution
		HideSolutionNode = FALSE
	EndGlobalSection
	GlobalSection(NestedProjects) = preSolution
		{C9B5DE97-B9CE-428A-8651-2225B498E470} = {CB3D4483-A324-494F-8932-1BCA46CCD874}
		{42C20AF6-3AE6-44E1-8739-94856172FCAC} = {8C19710E-68F6-48B0-AE47-AB93F0196458}
		{4CD801A8-E33A-4DE5-B361-44283FBF400E} = {2DED00E7-4E9D-4FAB-BDEC-C283FA9DE61A}
		{555F2446-3998-4AD4-9C03-77062B58C7F8} = {2DED00E7-4E9D-4FAB-BDEC-C283FA9DE61A}
		{66D1D02F-8283-4CAD-896E-F0EA42A26333} = {2DED00E7-4E9D-4FAB-BDEC-C283FA9DE61A}
		{D80AC81E-05C3-4897-935C-611D3E02443E} = {2DED00E7-4E9D-4FAB-BDEC-C283FA9DE61A}
	EndGlobalSection
	GlobalSection(ExtensibilityGlobals) = postSolution
		SolutionGuid = {433E41DA-AF4D-4BB9-BAA9-C877536A6914}
	EndGlobalSection
EndGlobal
